# This file is autogenerated, do not edit; changes may be undone by the next 'dep ensure'.


[[projects]]
  name = "github.com/BurntSushi/toml"
  packages = ["."]
  revision = "b26d9c308763d68093482582cea63d69be07a0f0"
  version = "v0.3.0"

[[projects]]
  name = "github.com/DataDrake/cli-ng"
  packages = [
    "cmd",
    "options",
    "translate"
  ]
  revision = "8a8956931f206adbcb3d774a42cb89f6acd4f4eb"
  version = "v1.0"

[[projects]]
  branch = "master"
  name = "github.com/DataDrake/cuppa"
  packages = [
    "config",
    "providers",
    "providers/cpan",
    "providers/github",
    "providers/gnome",
    "providers/hackage",
    "providers/jetbrains",
    "providers/launchpad",
    "providers/pypi",
    "providers/rubygems",
    "results"
  ]
  revision = "cc910342236cea9bbc6250ab643eb9afb9545308"

[[projects]]
  name = "github.com/kisielk/gotool"
  packages = ["internal/load"]
  revision = "80517062f582ea3340cd4baf70e86d539ae7d84d"
  version = "v1.0.0"

[[projects]]
  name = "github.com/leonelquinteros/gotext"
  packages = ["."]
  revision = "92b69ffa4cc0895b83b42f50065e9de5a3c32960"
  version = "v1.3.1"

[[projects]]
  branch = "master"
  name = "github.com/mattn/kinako"
  packages = [
    "ast",
    "parser",
    "vm"
  ]
  revision = "332c0a7e205a29536e672337a4bea6c7a96b04c1"

[[projects]]
  name = "gopkg.in/yaml.v2"
  packages = ["."]
  revision = "5420a8b6744d3b0345ab293f6fcba19c978f1183"
  version = "v2.2.1"

[solve-meta]
  analyzer-name = "dep"
  analyzer-version = 1
  inputs-digest = "156fa06d2f80a606525e5fe1a44c8509497ee2b9d76468c718df7014ef26830e"
  solver-name = "gps-cdcl"
  solver-version = 1
